// !$*UTF8*$!
{
	archiveVersion = 1;
	classes = {
	};
	objectVersion = 50;
	objects = {

/* Begin PBXBuildFile section */
		1266169923768BC800188F11 /* AppDelegate.swift in Sources */ = {isa = PBXBuildFile; fileRef = 1266169823768BC800188F11 /* AppDelegate.swift */; };
		1266169B23768BC800188F11 /* SceneDelegate.swift in Sources */ = {isa = PBXBuildFile; fileRef = 1266169A23768BC800188F11 /* SceneDelegate.swift */; };
		1266169D23768BC800188F11 /* ContentView.swift in Sources */ = {isa = PBXBuildFile; fileRef = 1266169C23768BC800188F11 /* ContentView.swift */; };
		1266169F23768BCA00188F11 /* Assets.xcassets in Resources */ = {isa = PBXBuildFile; fileRef = 1266169E23768BCA00188F11 /* Assets.xcassets */; };
		126616A223768BCA00188F11 /* Preview Assets.xcassets in Resources */ = {isa = PBXBuildFile; fileRef = 126616A123768BCA00188F11 /* Preview Assets.xcassets */; };
		126616A523768BCA00188F11 /* LaunchScreen.storyboard in Resources */ = {isa = PBXBuildFile; fileRef = 126616A323768BCA00188F11 /* LaunchScreen.storyboard */; };
		126616B023768BCA00188F11 /* registerTests.swift in Sources */ = {isa = PBXBuildFile; fileRef = 126616AF23768BCA00188F11 /* registerTests.swift */; };
		126616BB23768BCA00188F11 /* registerUITests.swift in Sources */ = {isa = PBXBuildFile; fileRef = 126616BA23768BCA00188F11 /* registerUITests.swift */; };
		126616CB23768C8700188F11 /* people.swift in Sources */ = {isa = PBXBuildFile; fileRef = 126616CA23768C8700188F11 /* people.swift */; };
		126616CF2376A33000188F11 /* SongView.swift in Sources */ = {isa = PBXBuildFile; fileRef = 126616CE2376A33000188F11 /* SongView.swift */; };
		126616D12376A63D00188F11 /* data.swift in Sources */ = {isa = PBXBuildFile; fileRef = 126616D02376A63D00188F11 /* data.swift */; };
		126616D32377110400188F11 /* result.swift in Sources */ = {isa = PBXBuildFile; fileRef = 126616D22377110400188F11 /* result.swift */; };
		126616E32377D13700188F11 /* 不搖滾 (feat. 房東的貓).mp3 in Resources */ = {isa = PBXBuildFile; fileRef = 126616E02377D13700188F11 /* 不搖滾 (feat. 房東的貓).mp3 */; };
		126616E42377D13700188F11 /* 來互相傷害 (feat. A-Lin).mp3 in Resources */ = {isa = PBXBuildFile; fileRef = 126616E12377D13700188F11 /* 來互相傷害 (feat. A-Lin).mp3 */; };
		12FEE65A23D1FF550017DEB8 /* NotificationCenter.framework in Frameworks */ = {isa = PBXBuildFile; fileRef = 12FEE65923D1FF550017DEB8 /* NotificationCenter.framework */; };
		12FEE65D23D1FF550017DEB8 /* TodayViewController.swift in Sources */ = {isa = PBXBuildFile; fileRef = 12FEE65C23D1FF550017DEB8 /* TodayViewController.swift */; };
		12FEE66023D1FF550017DEB8 /* MainInterface.storyboard in Resources */ = {isa = PBXBuildFile; fileRef = 12FEE65E23D1FF550017DEB8 /* MainInterface.storyboard */; };
		12FEE66423D1FF550017DEB8 /* textetension.appex in Embed App Extensions */ = {isa = PBXBuildFile; fileRef = 12FEE65723D1FF550017DEB8 /* textetension.appex */; settings = {ATTRIBUTES = (RemoveHeadersOnCopy, ); }; };
/* End PBXBuildFile section */

/* Begin PBXContainerItemProxy section */
		126616AC23768BCA00188F11 /* PBXContainerItemProxy */ = {
			isa = PBXContainerItemProxy;
			containerPortal = 1266168D23768BC800188F11 /* Project object */;
			proxyType = 1;
			remoteGlobalIDString = 1266169423768BC800188F11;
			remoteInfo = register;
		};
		126616B723768BCA00188F11 /* PBXContainerItemProxy */ = {
			isa = PBXContainerItemProxy;
			containerPortal = 1266168D23768BC800188F11 /* Project object */;
			proxyType = 1;
			remoteGlobalIDString = 1266169423768BC800188F11;
			remoteInfo = register;
		};
		12FEE66223D1FF550017DEB8 /* PBXContainerItemProxy */ = {
			isa = PBXContainerItemProxy;
			containerPortal = 1266168D23768BC800188F11 /* Project object */;
			proxyType = 1;
			remoteGlobalIDString = 12FEE65623D1FF550017DEB8;
			remoteInfo = textetension;
		};
/* End PBXContainerItemProxy section */

/* Begin PBXCopyFilesBuildPhase section */
		12FEE66523D1FF550017DEB8 /* Embed App Extensions */ = {
			isa = PBXCopyFilesBuildPhase;
			buildActionMask = 2147483647;
			dstPath = "";
			dstSubfolderSpec = 13;
			files = (
				12FEE66423D1FF550017DEB8 /* textetension.appex in Embed App Extensions */,
			);
			name = "Embed App Extensions";
			runOnlyForDeploymentPostprocessing = 0;
		};
/* End PBXCopyFilesBuildPhase section */

/* Begin PBXFileReference section */
		1266169523768BC800188F11 /* register.app */ = {isa = PBXFileReference; explicitFileType = wrapper.application; includeInIndex = 0; path = register.app; sourceTree = BUILT_PRODUCTS_DIR; };
		1266169823768BC800188F11 /* AppDelegate.swift */ = {isa = PBXFileReference; lastKnownFileType = sourcecode.swift; path = AppDelegate.swift; sourceTree = "<group>"; };
		1266169A23768BC800188F11 /* SceneDelegate.swift */ = {isa = PBXFileReference; lastKnownFileType = sourcecode.swift; path = SceneDelegate.swift; sourceTree = "<group>"; };
		1266169C23768BC800188F11 /* ContentView.swift */ = {isa = PBXFileReference; lastKnownFileType = sourcecode.swift; path = ContentView.swift; sourceTree = "<group>"; };
		1266169E23768BCA00188F11 /* Assets.xcassets */ = {isa = PBXFileReference; lastKnownFileType = folder.assetcatalog; path = Assets.xcassets; sourceTree = "<group>"; };
		126616A123768BCA00188F11 /* Preview Assets.xcassets */ = {isa = PBXFileReference; lastKnownFileType = folder.assetcatalog; path = "Preview Assets.xcassets"; sourceTree = "<group>"; };
		126616A423768BCA00188F11 /* Base */ = {isa = PBXFileReference; lastKnownFileType = file.storyboard; name = Base; path = Base.lproj/LaunchScreen.storyboard; sourceTree = "<group>"; };
		126616A623768BCA00188F11 /* Info.plist */ = {isa = PBXFileReference; lastKnownFileType = text.plist.xml; path = Info.plist; sourceTree = "<group>"; };
		126616AB23768BCA00188F11 /* registerTests.xctest */ = {isa = PBXFileReference; explicitFileType = wrapper.cfbundle; includeInIndex = 0; path = registerTests.xctest; sourceTree = BUILT_PRODUCTS_DIR; };
		126616AF23768BCA00188F11 /* registerTests.swift */ = {isa = PBXFileReference; lastKnownFileType = sourcecode.swift; path = registerTests.swift; sourceTree = "<group>"; };
		126616B123768BCA00188F11 /* Info.plist */ = {isa = PBXFileReference; lastKnownFileType = text.plist.xml; path = Info.plist; sourceTree = "<group>"; };
		126616B623768BCA00188F11 /* registerUITests.xctest */ = {isa = PBXFileReference; explicitFileType = wrapper.cfbundle; includeInIndex = 0; path = registerUITests.xctest; sourceTree = BUILT_PRODUCTS_DIR; };
		126616BA23768BCA00188F11 /* registerUITests.swift */ = {isa = PBXFileReference; lastKnownFileType = sourcecode.swift; path = registerUITests.swift; sourceTree = "<group>"; };
		126616BC23768BCA00188F11 /* Info.plist */ = {isa = PBXFileReference; lastKnownFileType = text.plist.xml; path = Info.plist; sourceTree = "<group>"; };
		126616CA23768C8700188F11 /* people.swift */ = {isa = PBXFileReference; lastKnownFileType = sourcecode.swift; path = people.swift; sourceTree = "<group>"; };
		126616CE2376A33000188F11 /* SongView.swift */ = {isa = PBXFileReference; lastKnownFileType = sourcecode.swift; path = SongView.swift; sourceTree = "<group>"; };
		126616D02376A63D00188F11 /* data.swift */ = {isa = PBXFileReference; lastKnownFileType = sourcecode.swift; path = data.swift; sourceTree = "<group>"; };
		126616D22377110400188F11 /* result.swift */ = {isa = PBXFileReference; lastKnownFileType = sourcecode.swift; path = result.swift; sourceTree = "<group>"; };
		126616E02377D13700188F11 /* 不搖滾 (feat. 房東的貓).mp3 */ = {isa = PBXFileReference; lastKnownFileType = audio.mp3; path = "不搖滾 (feat. 房東的貓).mp3"; sourceTree = "<group>"; };
		126616E12377D13700188F11 /* 來互相傷害 (feat. A-Lin).mp3 */ = {isa = PBXFileReference; lastKnownFileType = audio.mp3; path = "來互相傷害 (feat. A-Lin).mp3"; sourceTree = "<group>"; };
		12FEE65723D1FF550017DEB8 /* textetension.appex */ = {isa = PBXFileReference; explicitFileType = "wrapper.app-extension"; includeInIndex = 0; path = textetension.appex; sourceTree = BUILT_PRODUCTS_DIR; };
		12FEE65923D1FF550017DEB8 /* NotificationCenter.framework */ = {isa = PBXFileReference; lastKnownFileType = wrapper.framework; name = NotificationCenter.framework; path = System/Library/Frameworks/NotificationCenter.framework; sourceTree = SDKROOT; };
		12FEE65C23D1FF550017DEB8 /* TodayViewController.swift */ = {isa = PBXFileReference; lastKnownFileType = sourcecode.swift; path = TodayViewController.swift; sourceTree = "<group>"; };
		12FEE65F23D1FF550017DEB8 /* Base */ = {isa = PBXFileReference; lastKnownFileType = file.storyboard; name = Base; path = Base.lproj/MainInterface.storyboard; sourceTree = "<group>"; };
		12FEE66123D1FF550017DEB8 /* Info.plist */ = {isa = PBXFileReference; lastKnownFileType = text.plist.xml; path = Info.plist; sourceTree = "<group>"; };
/* End PBXFileReference section */

/* Begin PBXFrameworksBuildPhase section */
		1266169223768BC800188F11 /* Frameworks */ = {
			isa = PBXFrameworksBuildPhase;
			buildActionMask = 2147483647;
			files = (
			);
			runOnlyForDeploymentPostprocessing = 0;
		};
		126616A823768BCA00188F11 /* Frameworks */ = {
			isa = PBXFrameworksBuildPhase;
			buildActionMask = 2147483647;
			files = (
			);
			runOnlyForDeploymentPostprocessing = 0;
		};
		126616B323768BCA00188F11 /* Frameworks */ = {
			isa = PBXFrameworksBuildPhase;
			buildActionMask = 2147483647;
			files = (
			);
			runOnlyForDeploymentPostprocessing = 0;
		};
		12FEE65423D1FF550017DEB8 /* Frameworks */ = {
			isa = PBXFrameworksBuildPhase;
			buildActionMask = 2147483647;
			files = (
				12FEE65A23D1FF550017DEB8 /* NotificationCenter.framework in Frameworks */,
			);
			runOnlyForDeploymentPostprocessing = 0;
		};
/* End PBXFrameworksBuildPhase section */

/* Begin PBXGroup section */
		1266168C23768BC800188F11 = {
			isa = PBXGroup;
			children = (
				126616CA23768C8700188F11 /* people.swift */,
				1266169723768BC800188F11 /* register */,
				126616AE23768BCA00188F11 /* registerTests */,
				126616B923768BCA00188F11 /* registerUITests */,
				12FEE65B23D1FF550017DEB8 /* textetension */,
				12FEE65823D1FF550017DEB8 /* Frameworks */,
				1266169623768BC800188F11 /* Products */,
			);
			sourceTree = "<group>";
		};
		1266169623768BC800188F11 /* Products */ = {
			isa = PBXGroup;
			children = (
				1266169523768BC800188F11 /* register.app */,
				126616AB23768BCA00188F11 /* registerTests.xctest */,
				126616B623768BCA00188F11 /* registerUITests.xctest */,
				12FEE65723D1FF550017DEB8 /* textetension.appex */,
			);
			name = Products;
			sourceTree = "<group>";
		};
		1266169723768BC800188F11 /* register */ = {
			isa = PBXGroup;
			children = (
				126616E02377D13700188F11 /* 不搖滾 (feat. 房東的貓).mp3 */,
				126616E12377D13700188F11 /* 來互相傷害 (feat. A-Lin).mp3 */,
				1266169823768BC800188F11 /* AppDelegate.swift */,
				1266169A23768BC800188F11 /* SceneDelegate.swift */,
				1266169C23768BC800188F11 /* ContentView.swift */,
				126616CE2376A33000188F11 /* SongView.swift */,
				126616D22377110400188F11 /* result.swift */,
				126616D02376A63D00188F11 /* data.swift */,
				1266169E23768BCA00188F11 /* Assets.xcassets */,
				126616A323768BCA00188F11 /* LaunchScreen.storyboard */,
				126616A623768BCA00188F11 /* Info.plist */,
				126616A023768BCA00188F11 /* Preview Content */,
			);
			path = register;
			sourceTree = "<group>";
		};
		126616A023768BCA00188F11 /* Preview Content */ = {
			isa = PBXGroup;
			children = (
				126616A123768BCA00188F11 /* Preview Assets.xcassets */,
			);
			path = "Preview Content";
			sourceTree = "<group>";
		};
		126616AE23768BCA00188F11 /* registerTests */ = {
			isa = PBXGroup;
			children = (
				126616AF23768BCA00188F11 /* registerTests.swift */,
				126616B123768BCA00188F11 /* Info.plist */,
			);
			path = registerTests;
			sourceTree = "<group>";
		};
		126616B923768BCA00188F11 /* registerUITests */ = {
			isa = PBXGroup;
			children = (
				126616BA23768BCA00188F11 /* registerUITests.swift */,
				126616BC23768BCA00188F11 /* Info.plist */,
			);
			path = registerUITests;
			sourceTree = "<group>";
		};
		12FEE65823D1FF550017DEB8 /* Frameworks */ = {
			isa = PBXGroup;
			children = (
				12FEE65923D1FF550017DEB8 /* NotificationCenter.framework */,
			);
			name = Frameworks;
			sourceTree = "<group>";
		};
		12FEE65B23D1FF550017DEB8 /* textetension */ = {
			isa = PBXGroup;
			children = (
				12FEE65C23D1FF550017DEB8 /* TodayViewController.swift */,
				12FEE65E23D1FF550017DEB8 /* MainInterface.storyboard */,
				12FEE66123D1FF550017DEB8 /* Info.plist */,
			);
			path = textetension;
			sourceTree = "<group>";
		};
/* End PBXGroup section */

/* Begin PBXNativeTarget section */
		1266169423768BC800188F11 /* register */ = {
			isa = PBXNativeTarget;
			buildConfigurationList = 126616BF23768BCA00188F11 /* Build configuration list for PBXNativeTarget "register" */;
			buildPhases = (
				1266169123768BC800188F11 /* Sources */,
				1266169223768BC800188F11 /* Frameworks */,
				1266169323768BC800188F11 /* Resources */,
				12FEE66523D1FF550017DEB8 /* Embed App Extensions */,
			);
			buildRules = (
			);
			dependencies = (
				12FEE66323D1FF550017DEB8 /* PBXTargetDependency */,
			);
			name = register;
			productName = register;
			productReference = 1266169523768BC800188F11 /* register.app */;
			productType = "com.apple.product-type.application";
		};
		126616AA23768BCA00188F11 /* registerTests */ = {
			isa = PBXNativeTarget;
			buildConfigurationList = 126616C223768BCA00188F11 /* Build configuration list for PBXNativeTarget "registerTests" */;
			buildPhases = (
				126616A723768BCA00188F11 /* Sources */,
				126616A823768BCA00188F11 /* Frameworks */,
				126616A923768BCA00188F11 /* Resources */,
			);
			buildRules = (
			);
			dependencies = (
				126616AD23768BCA00188F11 /* PBXTargetDependency */,
			);
			name = registerTests;
			productName = registerTests;
			productReference = 126616AB23768BCA00188F11 /* registerTests.xctest */;
			productType = "com.apple.product-type.bundle.unit-test";
		};
		126616B523768BCA00188F11 /* registerUITests */ = {
			isa = PBXNativeTarget;
			buildConfigurationList = 126616C523768BCA00188F11 /* Build configuration list for PBXNativeTarget "registerUITests" */;
			buildPhases = (
				126616B223768BCA00188F11 /* Sources */,
				126616B323768BCA00188F11 /* Frameworks */,
				126616B423768BCA00188F11 /* Resources */,
			);
			buildRules = (
			);
			dependencies = (
				126616B823768BCA00188F11 /* PBXTargetDependency */,
			);
			name = registerUITests;
			productName = registerUITests;
			productReference = 126616B623768BCA00188F11 /* registerUITests.xctest */;
			productType = "com.apple.product-type.bundle.ui-testing";
		};
		12FEE65623D1FF550017DEB8 /* textetension */ = {
			isa = PBXNativeTarget;
			buildConfigurationList = 12FEE66823D1FF550017DEB8 /* Build configuration list for PBXNativeTarget "textetension" */;
			buildPhases = (
				12FEE65323D1FF550017DEB8 /* Sources */,
				12FEE65423D1FF550017DEB8 /* Frameworks */,
				12FEE65523D1FF550017DEB8 /* Resources */,
			);
			buildRules = (
			);
			dependencies = (
			);
			name = textetension;
			productName = textetension;
			productReference = 12FEE65723D1FF550017DEB8 /* textetension.appex */;
			productType = "com.apple.product-type.app-extension";
		};
/* End PBXNativeTarget section */

/* Begin PBXProject section */
		1266168D23768BC800188F11 /* Project object */ = {
			isa = PBXProject;
			attributes = {
				LastSwiftUpdateCheck = 1130;
				LastUpgradeCheck = 1110;
				ORGANIZATIONNAME = Chen_Yu_Hao;
				TargetAttributes = {
					1266169423768BC800188F11 = {
						CreatedOnToolsVersion = 11.1;
					};
					126616AA23768BCA00188F11 = {
						CreatedOnToolsVersion = 11.1;
						TestTargetID = 1266169423768BC800188F11;
					};
					126616B523768BCA00188F11 = {
						CreatedOnToolsVersion = 11.1;
						TestTargetID = 1266169423768BC800188F11;
					};
					12FEE65623D1FF550017DEB8 = {
						CreatedOnToolsVersion = 11.3;
					};
				};
			};
			buildConfigurationList = 1266169023768BC800188F11 /* Build configuration list for PBXProject "register" */;
			compatibilityVersion = "Xcode 9.3";
			developmentRegion = en;
			hasScannedForEncodings = 0;
			knownRegions = (
				en,
				Base,
			);
			mainGroup = 1266168C23768BC800188F11;
			productRefGroup = 1266169623768BC800188F11 /* Products */;
			projectDirPath = "";
			projectRoot = "";
			targets = (
				1266169423768BC800188F11 /* register */,
				126616AA23768BCA00188F11 /* registerTests */,
				126616B523768BCA00188F11 /* registerUITests */,
				12FEE65623D1FF550017DEB8 /* textetension */,
			);
		};
/* End PBXProject section */

/* Begin PBXResourcesBuildPhase section */
		1266169323768BC800188F11 /* Resources */ = {
			isa = PBXResourcesBuildPhase;
			buildActionMask = 2147483647;
			files = (
				126616A523768BCA00188F11 /* LaunchScreen.storyboard in Resources */,
				126616E42377D13700188F11 /* 來互相傷害 (feat. A-Lin).mp3 in Resources */,
				126616E32377D13700188F11 /* 不搖滾 (feat. 房東的貓).mp3 in Resources */,
				126616A223768BCA00188F11 /* Preview Assets.xcassets in Resources */,
				1266169F23768BCA00188F11 /* Assets.xcassets in Resources */,
			);
			runOnlyForDeploymentPostprocessing = 0;
		};
		126616A923768BCA00188F11 /* Resources */ = {
			isa = PBXResourcesBuildPhase;
			buildActionMask = 2147483647;
			files = (
			);
			runOnlyForDeploymentPostprocessing = 0;
		};
		126616B423768BCA00188F11 /* Resources */ = {
			isa = PBXResourcesBuildPhase;
			buildActionMask = 2147483647;
			files = (
			);
			runOnlyForDeploymentPostprocessing = 0;
		};
		12FEE65523D1FF550017DEB8 /* Resources */ = {
			isa = PBXResourcesBuildPhase;
			buildActionMask = 2147483647;
			files = (
				12FEE66023D1FF550017DEB8 /* MainInterface.storyboard in Resources */,
			);
			runOnlyForDeploymentPostprocessing = 0;
		};
/* End PBXResourcesBuildPhase section */

/* Begin PBXSourcesBuildPhase section */
		1266169123768BC800188F11 /* Sources */ = {
			isa = PBXSourcesBuildPhase;
			buildActionMask = 2147483647;
			files = (
				126616CB23768C8700188F11 /* people.swift in Sources */,
				126616D12376A63D00188F11 /* data.swift in Sources */,
				1266169923768BC800188F11 /* AppDelegate.swift in Sources */,
				126616CF2376A33000188F11 /* SongView.swift in Sources */,
				1266169B23768BC800188F11 /* SceneDelegate.swift in Sources */,
				126616D32377110400188F11 /* result.swift in Sources */,
				1266169D23768BC800188F11 /* ContentView.swift in Sources */,
			);
			runOnlyForDeploymentPostprocessing = 0;
		};
		126616A723768BCA00188F11 /* Sources */ = {
			isa = PBXSourcesBuildPhase;
			buildActionMask = 2147483647;
			files = (
				126616B023768BCA00188F11 /* registerTests.swift in Sources */,
			);
			runOnlyForDeploymentPostprocessing = 0;
		};
		126616B223768BCA00188F11 /* Sources */ = {
			isa = PBXSourcesBuildPhase;
			buildActionMask = 2147483647;
			files = (
				126616BB23768BCA00188F11 /* registerUITests.swift in Sources */,
			);
			runOnlyForDeploymentPostprocessing = 0;
		};
		12FEE65323D1FF550017DEB8 /* Sources */ = {
			isa = PBXSourcesBuildPhase;
			buildActionMask = 2147483647;
			files = (
				12FEE65D23D1FF550017DEB8 /* TodayViewController.swift in Sources */,
			);
			runOnlyForDeploymentPostprocessing = 0;
		};
/* End PBXSourcesBuildPhase section */

/* Begin PBXTargetDependency section */
		126616AD23768BCA00188F11 /* PBXTargetDependency */ = {
			isa = PBXTargetDependency;
			target = 1266169423768BC800188F11 /* register */;
			targetProxy = 126616AC23768BCA00188F11 /* PBXContainerItemProxy */;
		};
		126616B823768BCA00188F11 /* PBXTargetDependency */ = {
			isa = PBXTargetDependency;
			target = 1266169423768BC800188F11 /* register */;
			targetProxy = 126616B723768BCA00188F11 /* PBXContainerItemProxy */;
		};
		12FEE66323D1FF550017DEB8 /* PBXTargetDependency */ = {
			isa = PBXTargetDependency;
			target = 12FEE65623D1FF550017DEB8 /* textetension */;
			targetProxy = 12FEE66223D1FF550017DEB8 /* PBXContainerItemProxy */;
		};
/* End PBXTargetDependency section */

/* Begin PBXVariantGroup section */
		126616A323768BCA00188F11 /* LaunchScreen.storyboard */ = {
			isa = PBXVariantGroup;
			children = (
				126616A423768BCA00188F11 /* Base */,
			);
			name = LaunchScreen.storyboard;
			sourceTree = "<group>";
		};
		12FEE65E23D1FF550017DEB8 /* MainInterface.storyboard */ = {
			isa = PBXVariantGroup;
			children = (
				12FEE65F23D1FF550017DEB8 /* Base */,
			);
			name = MainInterface.storyboard;
			sourceTree = "<group>";
		};
/* End PBXVariantGroup section */

/* Begin XCBuildConfiguration section */
		126616BD23768BCA00188F11 /* Debug */ = {
			isa = XCBuildConfiguration;
			buildSettings = {
				ALWAYS_SEARCH_USER_PATHS = NO;
				CLANG_ANALYZER_NONNULL = YES;
				CLANG_ANALYZER_NUMBER_OBJECT_CONVERSION = YES_AGGRESSIVE;
				CLANG_CXX_LANGUAGE_STANDARD = "gnu++14";
				CLANG_CXX_LIBRARY = "libc++";
				CLANG_ENABLE_MODULES = YES;
				CLANG_ENABLE_OBJC_ARC = YES;
				CLANG_ENABLE_OBJC_WEAK = YES;
				CLANG_WARN_BLOCK_CAPTURE_AUTORELEASING = YES;
				CLANG_WARN_BOOL_CONVERSION = YES;
				CLANG_WARN_COMMA = YES;
				CLANG_WARN_CONSTANT_CONVERSION = YES;
				CLANG_WARN_DEPRECATED_OBJC_IMPLEMENTATIONS = YES;
				CLANG_WARN_DIRECT_OBJC_ISA_USAGE = YES_ERROR;
				CLANG_WARN_DOCUMENTATION_COMMENTS = YES;
				CLANG_WARN_EMPTY_BODY = YES;
				CLANG_WARN_ENUM_CONVERSION = YES;
				CLANG_WARN_INFINITE_RECURSION = YES;
				CLANG_WARN_INT_CONVERSION = YES;
				CLANG_WARN_NON_LITERAL_NULL_CONVERSION = YES;
				CLANG_WARN_OBJC_IMPLICIT_RETAIN_SELF = YES;
				CLANG_WARN_OBJC_LITERAL_CONVERSION = YES;
				CLANG_WARN_OBJC_ROOT_CLASS = YES_ERROR;
				CLANG_WARN_RANGE_LOOP_ANALYSIS = YES;
				CLANG_WARN_STRICT_PROTOTYPES = YES;
				CLANG_WARN_SUSPICIOUS_MOVE = YES;
				CLANG_WARN_UNGUARDED_AVAILABILITY = YES_AGGRESSIVE;
				CLANG_WARN_UNREACHABLE_CODE = YES;
				CLANG_WARN__DUPLICATE_METHOD_MATCH = YES;
				COPY_PHASE_STRIP = NO;
				DEBUG_INFORMATION_FORMAT = dwarf;
				ENABLE_STRICT_OBJC_MSGSEND = YES;
				ENABLE_TESTABILITY = YES;
				GCC_C_LANGUAGE_STANDARD = gnu11;
				GCC_DYNAMIC_NO_PIC = NO;
				GCC_NO_COMMON_BLOCKS = YES;
				GCC_OPTIMIZATION_LEVEL = 0;
				GCC_PREPROCESSOR_DEFINITIONS = (
					"DEBUG=1",
					"$(inherited)",
				);
				GCC_WARN_64_TO_32_BIT_CONVERSION = YES;
				GCC_WARN_ABOUT_RETURN_TYPE = YES_ERROR;
				GCC_WARN_UNDECLARED_SELECTOR = YES;
				GCC_WARN_UNINITIALIZED_AUTOS = YES_AGGRESSIVE;
				GCC_WARN_UNUSED_FUNCTION = YES;
				GCC_WARN_UNUSED_VARIABLE = YES;
				IPHONEOS_DEPLOYMENT_TARGET = 13.1;
				MTL_ENABLE_DEBUG_INFO = INCLUDE_SOURCE;
				MTL_FAST_MATH = YES;
				ONLY_ACTIVE_ARCH = YES;
				SDKROOT = iphoneos;
				SWIFT_ACTIVE_COMPILATION_CONDITIONS = DEBUG;
				SWIFT_OPTIMIZATION_LEVEL = "-Onone";
			};
			name = Debug;
		};
		126616BE23768BCA00188F11 /* Release */ = {
			isa = XCBuildConfiguration;
			buildSettings = {
				ALWAYS_SEARCH_USER_PATHS = NO;
				CLANG_ANALYZER_NONNULL = YES;
				CLANG_ANALYZER_NUMBER_OBJECT_CONVERSION = YES_AGGRESSIVE;
				CLANG_CXX_LANGUAGE_STANDARD = "gnu++14";
				CLANG_CXX_LIBRARY = "libc++";
				CLANG_ENABLE_MODULES = YES;
				CLANG_ENABLE_OBJC_ARC = YES;
				CLANG_ENABLE_OBJC_WEAK = YES;
				CLANG_WARN_BLOCK_CAPTURE_AUTORELEASING = YES;
				CLANG_WARN_BOOL_CONVERSION = YES;
				CLANG_WARN_COMMA = YES;
				CLANG_WARN_CONSTANT_CONVERSION = YES;
				CLANG_WARN_DEPRECATED_OBJC_IMPLEMENTATIONS = YES;
				CLANG_WARN_DIRECT_OBJC_ISA_USAGE = YES_ERROR;
				CLANG_WARN_DOCUMENTATION_COMMENTS = YES;
				CLANG_WARN_EMPTY_BODY = YES;
				CLANG_WARN_ENUM_CONVERSION = YES;
				CLANG_WARN_INFINITE_RECURSION = YES;
				CLANG_WARN_INT_CONVERSION = YES;
				CLANG_WARN_NON_LITERAL_NULL_CONVERSION = YES;
				CLANG_WARN_OBJC_IMPLICIT_RETAIN_SELF = YES;
				CLANG_WARN_OBJC_LITERAL_CONVERSION = YES;
				CLANG_WARN_OBJC_ROOT_CLASS = YES_ERROR;
				CLANG_WARN_RANGE_LOOP_ANALYSIS = YES;
				CLANG_WARN_STRICT_PROTOTYPES = YES;
				CLANG_WARN_SUSPICIOUS_MOVE = YES;
				CLANG_WARN_UNGUARDED_AVAILABILITY = YES_AGGRESSIVE;
				CLANG_WARN_UNREACHABLE_CODE = YES;
				CLANG_WARN__DUPLICATE_METHOD_MATCH = YES;
				COPY_PHASE_STRIP = NO;
				DEBUG_INFORMATION_FORMAT = "dwarf-with-dsym";
				ENABLE_NS_ASSERTIONS = NO;
				ENABLE_STRICT_OBJC_MSGSEND = YES;
				GCC_C_LANGUAGE_STANDARD = gnu11;
				GCC_NO_COMMON_BLOCKS = YES;
				GCC_WARN_64_TO_32_BIT_CONVERSION = YES;
				GCC_WARN_ABOUT_RETURN_TYPE = YES_ERROR;
				GCC_WARN_UNDECLARED_SELECTOR = YES;
				GCC_WARN_UNINITIALIZED_AUTOS = YES_AGGRESSIVE;
				GCC_WARN_UNUSED_FUNCTION = YES;
				GCC_WARN_UNUSED_VARIABLE = YES;
				IPHONEOS_DEPLOYMENT_TARGET = 13.1;
				MTL_ENABLE_DEBUG_INFO = NO;
				MTL_FAST_MATH = YES;
				SDKROOT = iphoneos;
				SWIFT_COMPILATION_MODE = wholemodule;
				SWIFT_OPTIMIZATION_LEVEL = "-O";
				VALIDATE_PRODUCT = YES;
			};
			name = Release;
		};
		126616C023768BCA00188F11 /* Debug */ = {
			isa = XCBuildConfiguration;
			buildSettings = {
				ALWAYS_EMBED_SWIFT_STANDARD_LIBRARIES = YES;
				ASSETCATALOG_COMPILER_APPICON_NAME = AppIcon;
				CODE_SIGN_STYLE = Automatic;
				DEVELOPMENT_ASSET_PATHS = "\"register/Preview Content\"";
				DEVELOPMENT_TEAM = NTXR9F489V;
				ENABLE_PREVIEWS = YES;
				INFOPLIST_FILE = register/Info.plist;
				LD_RUNPATH_SEARCH_PATHS = (
					"$(inherited)",
					"@executable_path/Frameworks",
				);
				PRODUCT_BUNDLE_IDENTIFIER = dte.register;
				PRODUCT_NAME = "$(TARGET_NAME)";
				SWIFT_VERSION = 5.0;
				TARGETED_DEVICE_FAMILY = "1,2";
			};
			name = Debug;
		};
		126616C123768BCA00188F11 /* Release */ = {
			isa = XCBuildConfiguration;
			buildSettings = {
				ALWAYS_EMBED_SWIFT_STANDARD_LIBRARIES = YES;
				ASSETCATALOG_COMPILER_APPICON_NAME = AppIcon;
				CODE_SIGN_STYLE = Automatic;
				DEVELOPMENT_ASSET_PATHS = "\"register/Preview Content\"";
				DEVELOPMENT_TEAM = NTXR9F489V;
				ENABLE_PREVIEWS = YES;
				INFOPLIST_FILE = register/Info.plist;
				LD_RUNPATH_SEARCH_PATHS = (
					"$(inherited)",
					"@executable_path/Frameworks",
				);
				PRODUCT_BUNDLE_IDENTIFIER = dte.register;
				PRODUCT_NAME = "$(TARGET_NAME)";
				SWIFT_VERSION = 5.0;
				TARGETED_DEVICE_FAMILY = "1,2";
			};
			name = Release;
		};
		126616C323768BCA00188F11 /* Debug */ = {
			isa = XCBuildConfiguration;
			buildSettings = {
				ALWAYS_EMBED_SWIFT_STANDARD_LIBRARIES = YES;
				BUNDLE_LOADER = "$(TEST_HOST)";
				CODE_SIGN_STYLE = Automatic;
				DEVELOPMENT_TEAM = NTXR9F489V;
				INFOPLIST_FILE = registerTests/Info.plist;
				IPHONEOS_DEPLOYMENT_TARGET = 13.1;
				LD_RUNPATH_SEARCH_PATHS = (
					"$(inherited)",
					"@executable_path/Frameworks",
					"@loader_path/Frameworks",
				);
				PRODUCT_BUNDLE_IDENTIFIER = dte.registerTests;
				PRODUCT_NAME = "$(TARGET_NAME)";
				SWIFT_VERSION = 5.0;
				TARGETED_DEVICE_FAMILY = "1,2";
				TEST_HOST = "$(BUILT_PRODUCTS_DIR)/register.app/register";
			};
			name = Debug;
		};
		126616C423768BCA00188F11 /* Release */ = {
			isa = XCBuildConfiguration;
			buildSettings = {
				ALWAYS_EMBED_SWIFT_STANDARD_LIBRARIES = YES;
				BUNDLE_LOADER = "$(TEST_HOST)";
				CODE_SIGN_STYLE = Automatic;
				DEVELOPMENT_TEAM = NTXR9F489V;
				INFOPLIST_FILE = registerTests/Info.plist;
				IPHONEOS_DEPLOYMENT_TARGET = 13.1;
				LD_RUNPATH_SEARCH_PATHS = (
					"$(inherited)",
					"@executable_path/Frameworks",
					"@loader_path/Frameworks",
				);
				PRODUCT_BUNDLE_IDENTIFIER = dte.registerTests;
				PRODUCT_NAME = "$(TARGET_NAME)";
				SWIFT_VERSION = 5.0;
				TARGETED_DEVICE_FAMILY = "1,2";
				TEST_HOST = "$(BUILT_PRODUCTS_DIR)/register.app/register";
			};
			name = Release;
		};
		126616C623768BCA00188F11 /* Debug */ = {
			isa = XCBuildConfiguration;
			buildSettings = {
				ALWAYS_EMBED_SWIFT_STANDARD_LIBRARIES = YES;
				CODE_SIGN_STYLE = Automatic;
				DEVELOPMENT_TEAM = NTXR9F489V;
				INFOPLIST_FILE = registerUITests/Info.plist;
				LD_RUNPATH_SEARCH_PATHS = (
					"$(inherited)",
					"@executable_path/Frameworks",
					"@loader_path/Frameworks",
				);
				PRODUCT_BUNDLE_IDENTIFIER = dte.registerUITests;
				PRODUCT_NAME = "$(TARGET_NAME)";
				SWIFT_VERSION = 5.0;
				TARGETED_DEVICE_FAMILY = "1,2";
				TEST_TARGET_NAME = register;
			};
			name = Debug;
		};
		126616C723768BCA00188F11 /* Release */ = {
			isa = XCBuildConfiguration;
			buildSettings = {
				ALWAYS_EMBED_SWIFT_STANDARD_LIBRARIES = YES;
				CODE_SIGN_STYLE = Automatic;
				DEVELOPMENT_TEAM = NTXR9F489V;
				INFOPLIST_FILE = registerUITests/Info.plist;
				LD_RUNPATH_SEARCH_PATHS = (
					"$(inherited)",
					"@executable_path/Frameworks",
					"@loader_path/Frameworks",
				);
				PRODUCT_BUNDLE_IDENTIFIER = dte.registerUITests;
				PRODUCT_NAME = "$(TARGET_NAME)";
				SWIFT_VERSION = 5.0;
				TARGETED_DEVICE_FAMILY = "1,2";
				TEST_TARGET_NAME = register;
			};
			name = Release;
		};
		12FEE66623D1FF550017DEB8 /* Debug */ = {
			isa = XCBuildConfiguration;
			buildSettings = {
				CODE_SIGN_STYLE = Automatic;
				DEVELOPMENT_TEAM = NTXR9F489V;
				INFOPLIST_FILE = textetension/Info.plist;
				IPHONEOS_DEPLOYMENT_TARGET = 13.2;
				LD_RUNPATH_SEARCH_PATHS = (
					"$(inherited)",
					"@executable_path/Frameworks",
					"@executable_path/../../Frameworks",
				);
				PRODUCT_BUNDLE_IDENTIFIER = dte.register.textetension;
				PRODUCT_NAME = "$(TARGET_NAME)";
				SKIP_INSTALL = YES;
				SWIFT_VERSION = 5.0;
				TARGETED_DEVICE_FAMILY = "1,2";
			};
			name = Debug;
		};
		12FEE66723D1FF550017DEB8 /* Release */ = {
			isa = XCBuildConfiguration;
			buildSettings = {
				CODE_SIGN_STYLE = Automatic;
				DEVELOPMENT_TEAM = NTXR9F489V;
				INFOPLIST_FILE = textetension/Info.plist;
				IPHONEOS_DEPLOYMENT_TARGET = 13.2;
				LD_RUNPATH_SEARCH_PATHS = (
					"$(inherited)",
					"@executable_path/Frameworks",
					"@executable_path/../../Frameworks",
				);
				PRODUCT_BUNDLE_IDENTIFIER = dte.register.textetension;
				PRODUCT_NAME = "$(TARGET_NAME)";
				SKIP_INSTALL = YES;
				SWIFT_VERSION = 5.0;
				TARGETED_DEVICE_FAMILY = "1,2";
			};
			name = Release;
		};
/* End XCBuildConfiguration section */

/* Begin XCConfigurationList section */
		1266169023768BC800188F11 /* Build configuration list for PBXProject "register" */ = {
			isa = XCConfigurationList;
			buildConfigurations = (
				126616BD23768BCA00188F11 /* Debug */,
				126616BE23768BCA00188F11 /* Release */,
			);
			defaultConfigurationIsVisible = 0;
			defaultConfigurationName = Release;
		};
		126616BF23768BCA00188F11 /* Build configuration list for PBXNativeTarget "register" */ = {
			isa = XCConfigurationList;
			buildConfigurations = (
				126616C023768BCA00188F11 /* Debug */,
				126616C123768BCA00188F11 /* Release */,
			);
			defaultConfigurationIsVisible = 0;
			defaultConfigurationName = Release;
		};
		126616C223768BCA00188F11 /* Build configuration list for PBXNativeTarget "registerTests" */ = {
			isa = XCConfigurationList;
			buildConfigurations = (
				126616C323768BCA00188F11 /* Debug */,
				126616C423768BCA00188F11 /* Release */,
			);
			defaultConfigurationIsVisible = 0;
			defaultConfigurationName = Release;
		};
		126616C523768BCA00188F11 /* Build configuration list for PBXNativeTarget "registerUITests" */ = {
			isa = XCConfigurationList;
			buildConfigurations = (
				126616C623768BCA00188F11 /* Debug */,
				126616C723768BCA00188F11 /* Release */,
			);
			defaultConfigurationIsVisible = 0;
			defaultConfigurationName = Release;
		};
		12FEE66823D1FF550017DEB8 /* Build configuration list for PBXNativeTarget "textetension" */ = {
			isa = XCConfigurationList;
			buildConfigurations = (
				12FEE66623D1FF550017DEB8 /* Debug */,
				12FEE66723D1FF550017DEB8 /* Release */,
			);
			defaultConfigurationIsVisible = 0;
			defaultConfigurationName = Release;
		};
/* End XCConfigurationList section */
	};
	rootObject = 1266168D23768BC800188F11 /* Project object */;
}
